
Microsoft Visual Studio Solution File, Format Version 12.00
# Visual Studio Version 16
VisualStudioVersion = 25.0.1705.1
MinimumVisualStudioVersion = 10.0.40219.1
Project("{FAE04EC0-301F-11D3-BF4B-00C04F79EFBC}") = "Lou_Concentration", "Lou_Concentration\Lou_Concentration.csproj", "{02537AA9-D038-4E0C-AD74-047B657730EE}"
EndProject
Global
	GlobalSection(SolutionConfigurationPlatforms) = preSolution
		Debug|Any CPU = Debug|Any CPU
		Release|Any CPU = Release|Any CPU
	EndGlobalSection
	GlobalSection(ProjectConfigurationPlatforms) = postSolution
		{02537AA9-D038-4E0C-AD74-047B657730EE}.Debug|Any CPU.ActiveCfg = Debug|Any CPU
		{02537AA9-D038-4E0C-AD74-047B657730EE}.Debug|Any CPU.Build.0 = Debug|Any CPU
		{02537AA9-D038-4E0C-AD74-047B657730EE}.Release|Any CPU.ActiveCfg = Release|Any CPU
		{02537AA9-D038-4E0C-AD74-047B657730EE}.Release|Any CPU.Build.0 = Release|Any CPU
	EndGlobalSection
	GlobalSection(SolutionProperties) = preSolution
		HideSolutionNode = FALSE
	EndGlobalSection
	GlobalSection(ExtensibilityGlobals) = postSolution
		SolutionGuid = {2FA4F8D1-3E27-405B-AC62-B35327880249}
	EndGlobalSection
EndGlobal
